lockfileVersion: 5.3

specifiers:
  canvg: ^3.0.10
  pica: ^9.0.1

dependencies:
  canvg: 3.0.10
  pica: 9.0.1

packages:

  /@babel/runtime/7.17.2:
    resolution: {integrity: sha512-hzeyJyMA1YGdJTuWU0e/j4wKXrU4OMFvY2MSlaI9B7VQb0r5cxTE3EAIS2Q7Tn2RIcDkRvTA/v2JsAEhxe99uw==}
    engines: {node: '>=6.9.0'}
    dependencies:
      regenerator-runtime: 0.13.9
    dev: false

  /@types/raf/3.4.0:
    resolution: {integrity: sha512-taW5/WYqo36N7V39oYyHP9Ipfd5pNFvGTIQsNGj86xV88YQ7GnI30/yMfKDF7Zgin0m3e+ikX88FvImnK4RjGw==}
    dev: false

  /canvg/3.0.10:
    resolution: {integrity: sha512-qwR2FRNO9NlzTeKIPIKpnTY6fqwuYSequ8Ru8c0YkYU7U0oW+hLUvWadLvAu1Rl72OMNiFhoLu4f8eUjQ7l/+Q==}
    engines: {node: '>=10.0.0'}
    dependencies:
      '@babel/runtime': 7.17.2
      '@types/raf': 3.4.0
      core-js: 3.21.1
      raf: 3.4.1
      regenerator-runtime: 0.13.9
      rgbcolor: 1.0.1
      stackblur-canvas: 2.5.0
      svg-pathdata: 6.0.3
    dev: false

  /core-js/3.21.1:
    resolution: {integrity: sha512-FRq5b/VMrWlrmCzwRrpDYNxyHP9BcAZC+xHJaqTgIE5091ZV1NTmyh0sGOg5XqpnHvR0svdy0sv1gWA1zmhxig==}
    requiresBuild: true
    dev: false

  /glur/1.1.2:
    resolution: {integrity: sha1-8g6jbbEDv8KSNDkh8fkeg8NGdok=}
    dev: false

  /multimath/2.0.0:
    resolution: {integrity: sha512-toRx66cAMJ+Ccz7pMIg38xSIrtnbozk0dchXezwQDMgQmbGpfxjtv68H+L00iFL8hxDaVjrmwAFSb3I6bg8Q2g==}
    dependencies:
      glur: 1.1.2
      object-assign: 4.1.1
    dev: false

  /object-assign/4.1.1:
    resolution: {integrity: sha1-IQmtx5ZYh8/AXLvUQsrIv7s2CGM=}
    engines: {node: '>=0.10.0'}
    dev: false

  /performance-now/2.1.0:
    resolution: {integrity: sha1-Ywn04OX6kT7BxpMHrjZLSzd8nns=}
    dev: false

  /pica/9.0.1:
    resolution: {integrity: sha512-v0U4vY6Z3ztz9b4jBIhCD3WYoecGXCQeCsYep+sXRefViL+mVVoTL+wqzdPeE+GpBFsRUtQZb6dltvAt2UkMtQ==}
    dependencies:
      glur: 1.1.2
      multimath: 2.0.0
      object-assign: 4.1.1
      webworkify: 1.5.0
    dev: false

  /raf/3.4.1:
    resolution: {integrity: sha512-Sq4CW4QhwOHE8ucn6J34MqtZCeWFP2aQSmrlroYgqAV1PjStIhJXxYuTgUIfkEk7zTLjmIjLmU5q+fbD1NnOJA==}
    dependencies:
      performance-now: 2.1.0
    dev: false

  /regenerator-runtime/0.13.9:
    resolution: {integrity: sha512-p3VT+cOEgxFsRRA9X4lkI1E+k2/CtnKtU4gcxyaCUreilL/vqI6CdZ3wxVUx3UOUg+gnUOQQcRI7BmSI656MYA==}
    dev: false

  /rgbcolor/1.0.1:
    resolution: {integrity: sha1-1lBezbMEplldom+ktDMHMGd1lF0=}
    engines: {node: '>= 0.8.15'}
    dev: false

  /stackblur-canvas/2.5.0:
    resolution: {integrity: sha512-EeNzTVfj+1In7aSLPKDD03F/ly4RxEuF/EX0YcOG0cKoPXs+SLZxDawQbexQDBzwROs4VKLWTOaZQlZkGBFEIQ==}
    engines: {node: '>=0.1.14'}
    dev: false

  /svg-pathdata/6.0.3:
    resolution: {integrity: sha512-qsjeeq5YjBZ5eMdFuUa4ZosMLxgr5RZ+F+Y1OrDhuOCEInRMA3x74XdBtggJcj9kOeInz0WE+LgCPDkZFlBYJw==}
    engines: {node: '>=12.0.0'}
    dev: false

  /webworkify/1.5.0:
    resolution: {integrity: sha512-AMcUeyXAhbACL8S2hqqdqOLqvJ8ylmIbNwUIqQujRSouf4+eUFaXbG6F1Rbu+srlJMmxQWsiU7mOJi0nMBfM1g==}
    dev: false
